// !$*UTF8*$!
{
	archiveVersion = 1;
	classes = {
	};
	objectVersion = 46;
	objects = {

/* Begin PBXBuildFile section */
		0402C23F1AE122A500CB2416 /* AlarmCell.m in Sources */ = {isa = PBXBuildFile; fileRef = 0402C23E1AE122A500CB2416 /* AlarmCell.m */; };
		04088FF11AEABDA8009FCCD4 /* img_top.png in Resources */ = {isa = PBXBuildFile; fileRef = 04088FEE1AEABDA8009FCCD4 /* img_top.png */; };
		04088FF21AEABDA8009FCCD4 /* img_top@2x.png in Resources */ = {isa = PBXBuildFile; fileRef = 04088FEF1AEABDA8009FCCD4 /* img_top@2x.png */; };
		04088FF31AEABDA8009FCCD4 /* img_top@3x.png in Resources */ = {isa = PBXBuildFile; fileRef = 04088FF01AEABDA8009FCCD4 /* img_top@3x.png */; };
		040890051AEABF5D009FCCD4 /* Cloud-Refresh.png in Resources */ = {isa = PBXBuildFile; fileRef = 04088FF51AEABF5D009FCCD4 /* Cloud-Refresh.png */; };
		040890061AEABF5D009FCCD4 /* cloudy2_night.png in Resources */ = {isa = PBXBuildFile; fileRef = 04088FF61AEABF5D009FCCD4 /* cloudy2_night.png */; };
		040890071AEABF5D009FCCD4 /* cloudy2.png in Resources */ = {isa = PBXBuildFile; fileRef = 04088FF71AEABF5D009FCCD4 /* cloudy2.png */; };
		040890081AEABF5D009FCCD4 /* dunno.png in Resources */ = {isa = PBXBuildFile; fileRef = 04088FF81AEABF5D009FCCD4 /* dunno.png */; };
		040890091AEABF5D009FCCD4 /* fog_night.png in Resources */ = {isa = PBXBuildFile; fileRef = 04088FF91AEABF5D009FCCD4 /* fog_night.png */; };
		0408900A1AEABF5D009FCCD4 /* fog.png in Resources */ = {isa = PBXBuildFile; fileRef = 04088FFA1AEABF5D009FCCD4 /* fog.png */; };
		0408900B1AEABF5D009FCCD4 /* light_rain.png in Resources */ = {isa = PBXBuildFile; fileRef = 04088FFB1AEABF5D009FCCD4 /* light_rain.png */; };
		0408900C1AEABF5D009FCCD4 /* overcast.png in Resources */ = {isa = PBXBuildFile; fileRef = 04088FFC1AEABF5D009FCCD4 /* overcast.png */; };
		0408900D1AEABF5D009FCCD4 /* shower3.png in Resources */ = {isa = PBXBuildFile; fileRef = 04088FFD1AEABF5D009FCCD4 /* shower3.png */; };
		0408900E1AEABF5D009FCCD4 /* snow4.png in Resources */ = {isa = PBXBuildFile; fileRef = 04088FFE1AEABF5D009FCCD4 /* snow4.png */; };
		0408900F1AEABF5D009FCCD4 /* snow5.png in Resources */ = {isa = PBXBuildFile; fileRef = 04088FFF1AEABF5D009FCCD4 /* snow5.png */; };
		040890101AEABF5D009FCCD4 /* sunny_night.png in Resources */ = {isa = PBXBuildFile; fileRef = 040890001AEABF5D009FCCD4 /* sunny_night.png */; };
		040890111AEABF5D009FCCD4 /* sunny.png in Resources */ = {isa = PBXBuildFile; fileRef = 040890011AEABF5D009FCCD4 /* sunny.png */; };
		040890121AEABF5D009FCCD4 /* tstorm1_night.png in Resources */ = {isa = PBXBuildFile; fileRef = 040890021AEABF5D009FCCD4 /* tstorm1_night.png */; };
		040890131AEABF5D009FCCD4 /* tstorm1.png in Resources */ = {isa = PBXBuildFile; fileRef = 040890031AEABF5D009FCCD4 /* tstorm1.png */; };
		040890141AEABF5D009FCCD4 /* tstorm3.png in Resources */ = {isa = PBXBuildFile; fileRef = 040890041AEABF5D009FCCD4 /* tstorm3.png */; };
		040890181AEAC2DB009FCCD4 /* WeatherServiece.m in Sources */ = {isa = PBXBuildFile; fileRef = 040890171AEAC2DB009FCCD4 /* WeatherServiece.m */; };
		045460661AEAB0A900308E02 /* CoreLocation.framework in Frameworks */ = {isa = PBXBuildFile; fileRef = 045460651AEAB0A900308E02 /* CoreLocation.framework */; };
		045460691AEAB0E300308E02 /* G2LocationManager.m in Sources */ = {isa = PBXBuildFile; fileRef = 045460681AEAB0E300308E02 /* G2LocationManager.m */; };
		045E0FE01AD41C2D00EAD210 /* main.m in Sources */ = {isa = PBXBuildFile; fileRef = 045E0FDF1AD41C2D00EAD210 /* main.m */; };
		045E0FE31AD41C2D00EAD210 /* AppDelegate.m in Sources */ = {isa = PBXBuildFile; fileRef = 045E0FE21AD41C2D00EAD210 /* AppDelegate.m */; };
		045E0FEC1AD41C2D00EAD210 /* Main.storyboard in Resources */ = {isa = PBXBuildFile; fileRef = 045E0FEA1AD41C2D00EAD210 /* Main.storyboard */; };
		045E0FEE1AD41C2D00EAD210 /* Images.xcassets in Resources */ = {isa = PBXBuildFile; fileRef = 045E0FED1AD41C2D00EAD210 /* Images.xcassets */; };
		045E0FF11AD41C2D00EAD210 /* LaunchScreen.xib in Resources */ = {isa = PBXBuildFile; fileRef = 045E0FEF1AD41C2D00EAD210 /* LaunchScreen.xib */; };
		045E0FFD1AD41C2D00EAD210 /* VWAlarmTests.m in Sources */ = {isa = PBXBuildFile; fileRef = 045E0FFC1AD41C2D00EAD210 /* VWAlarmTests.m */; };
		04745DD81ADEAD9A00C9711B /* G2CacheManager.m in Sources */ = {isa = PBXBuildFile; fileRef = 04745DD11ADEAD9A00C9711B /* G2CacheManager.m */; };
		04745DD91ADEAD9A00C9711B /* G2DataManager.m in Sources */ = {isa = PBXBuildFile; fileRef = 04745DD31ADEAD9A00C9711B /* G2DataManager.m */; };
		04745DDA1ADEAD9A00C9711B /* G2DateManager.m in Sources */ = {isa = PBXBuildFile; fileRef = 04745DD51ADEAD9A00C9711B /* G2DateManager.m */; };
		04745DE41ADEADAC00C9711B /* TopClockVC.m in Sources */ = {isa = PBXBuildFile; fileRef = 04745DDD1ADEADAC00C9711B /* TopClockVC.m */; };
		04745DE51ADEADAC00C9711B /* TopVC.m in Sources */ = {isa = PBXBuildFile; fileRef = 04745DDF1ADEADAC00C9711B /* TopVC.m */; };
		04745DE61ADEADAC00C9711B /* TopWeatherCell.m in Sources */ = {isa = PBXBuildFile; fileRef = 04745DE11ADEADAC00C9711B /* TopWeatherCell.m */; };
		04745DE71ADEADAC00C9711B /* TopWeatherVC.m in Sources */ = {isa = PBXBuildFile; fileRef = 04745DE31ADEADAC00C9711B /* TopWeatherVC.m */; };
		04745DEA1ADEADBB00C9711B /* WeatherVC.m in Sources */ = {isa = PBXBuildFile; fileRef = 04745DE91ADEADBB00C9711B /* WeatherVC.m */; };
		04745DEF1ADEADC800C9711B /* G2LineView.m in Sources */ = {isa = PBXBuildFile; fileRef = 04745DEC1ADEADC800C9711B /* G2LineView.m */; };
		04745DF01ADEADC800C9711B /* G2NoticeView.m in Sources */ = {isa = PBXBuildFile; fileRef = 04745DEE1ADEADC800C9711B /* G2NoticeView.m */; };
		04745DF81ADEADE800C9711B /* AlarmDetailOptionVC.m in Sources */ = {isa = PBXBuildFile; fileRef = 04745DF31ADEADE800C9711B /* AlarmDetailOptionVC.m */; };
		04745DF91ADEADE800C9711B /* AlarmDetailVC.m in Sources */ = {isa = PBXBuildFile; fileRef = 04745DF51ADEADE800C9711B /* AlarmDetailVC.m */; };
		04745DFA1ADEADE800C9711B /* AlarmVC.m in Sources */ = {isa = PBXBuildFile; fileRef = 04745DF71ADEADE800C9711B /* AlarmVC.m */; };
		04745DFD1ADEADF400C9711B /* SettingVC.m in Sources */ = {isa = PBXBuildFile; fileRef = 04745DFC1ADEADF400C9711B /* SettingVC.m */; };
		047D9EA41ADFDFD600BB3407 /* G2NotificationManager.m in Sources */ = {isa = PBXBuildFile; fileRef = 047D9EA31ADFDFD600BB3407 /* G2NotificationManager.m */; };
		047D9EA81AE00D9800BB3407 /* NSDate+Extras.m in Sources */ = {isa = PBXBuildFile; fileRef = 047D9EA71AE00D9800BB3407 /* NSDate+Extras.m */; };
		049349141AE7D9B6007EF6C7 /* G2SoundManager.m in Sources */ = {isa = PBXBuildFile; fileRef = 049349131AE7D9B6007EF6C7 /* G2SoundManager.m */; };
		049349181AE7F0AD007EF6C7 /* WeatherCell.m in Sources */ = {isa = PBXBuildFile; fileRef = 049349171AE7F0AD007EF6C7 /* WeatherCell.m */; };
		0493491B1AE7F2AB007EF6C7 /* WeatherDetailVC.m in Sources */ = {isa = PBXBuildFile; fileRef = 0493491A1AE7F2AB007EF6C7 /* WeatherDetailVC.m */; };
		C887E2AD987DD7DC97C96474 /* libPods.a in Frameworks */ = {isa = PBXBuildFile; fileRef = E8E30D5092D3CCA77046DF1D /* libPods.a */; };
/* End PBXBuildFile section */

/* Begin PBXContainerItemProxy section */
		045E0FF71AD41C2D00EAD210 /* PBXContainerItemProxy */ = {
			isa = PBXContainerItemProxy;
			containerPortal = 045E0FD21AD41C2D00EAD210 /* Project object */;
			proxyType = 1;
			remoteGlobalIDString = 045E0FD91AD41C2D00EAD210;
			remoteInfo = VWAlarm;
		};
/* End PBXContainerItemProxy section */

/* Begin PBXFileReference section */
		0402C23D1AE122A500CB2416 /* AlarmCell.h */ = {isa = PBXFileReference; fileEncoding = 4; lastKnownFileType = sourcecode.c.h; path = AlarmCell.h; sourceTree = "<group>"; };
		0402C23E1AE122A500CB2416 /* AlarmCell.m */ = {isa = PBXFileReference; fileEncoding = 4; lastKnownFileType = sourcecode.c.objc; path = AlarmCell.m; sourceTree = "<group>"; };
		04088FEE1AEABDA8009FCCD4 /* img_top.png */ = {isa = PBXFileReference; lastKnownFileType = image.png; path = img_top.png; sourceTree = "<group>"; };
		04088FEF1AEABDA8009FCCD4 /* img_top@2x.png */ = {isa = PBXFileReference; lastKnownFileType = image.png; path = "img_top@2x.png"; sourceTree = "<group>"; };
		04088FF01AEABDA8009FCCD4 /* img_top@3x.png */ = {isa = PBXFileReference; lastKnownFileType = image.png; path = "img_top@3x.png"; sourceTree = "<group>"; };
		04088FF51AEABF5D009FCCD4 /* Cloud-Refresh.png */ = {isa = PBXFileReference; lastKnownFileType = image.png; path = "Cloud-Refresh.png"; sourceTree = "<group>"; };
		04088FF61AEABF5D009FCCD4 /* cloudy2_night.png */ = {isa = PBXFileReference; lastKnownFileType = image.png; path = cloudy2_night.png; sourceTree = "<group>"; };
		04088FF71AEABF5D009FCCD4 /* cloudy2.png */ = {isa = PBXFileReference; lastKnownFileType = image.png; path = cloudy2.png; sourceTree = "<group>"; };
		04088FF81AEABF5D009FCCD4 /* dunno.png */ = {isa = PBXFileReference; lastKnownFileType = image.png; path = dunno.png; sourceTree = "<group>"; };
		04088FF91AEABF5D009FCCD4 /* fog_night.png */ = {isa = PBXFileReference; lastKnownFileType = image.png; path = fog_night.png; sourceTree = "<group>"; };
		04088FFA1AEABF5D009FCCD4 /* fog.png */ = {isa = PBXFileReference; lastKnownFileType = image.png; path = fog.png; sourceTree = "<group>"; };
		04088FFB1AEABF5D009FCCD4 /* light_rain.png */ = {isa = PBXFileReference; lastKnownFileType = image.png; path = light_rain.png; sourceTree = "<group>"; };
		04088FFC1AEABF5D009FCCD4 /* overcast.png */ = {isa = PBXFileReference; lastKnownFileType = image.png; path = overcast.png; sourceTree = "<group>"; };
		04088FFD1AEABF5D009FCCD4 /* shower3.png */ = {isa = PBXFileReference; lastKnownFileType = image.png; path = shower3.png; sourceTree = "<group>"; };
		04088FFE1AEABF5D009FCCD4 /* snow4.png */ = {isa = PBXFileReference; lastKnownFileType = image.png; path = snow4.png; sourceTree = "<group>"; };
		04088FFF1AEABF5D009FCCD4 /* snow5.png */ = {isa = PBXFileReference; lastKnownFileType = image.png; path = snow5.png; sourceTree = "<group>"; };
		040890001AEABF5D009FCCD4 /* sunny_night.png */ = {isa = PBXFileReference; lastKnownFileType = image.png; path = sunny_night.png; sourceTree = "<group>"; };
		040890011AEABF5D009FCCD4 /* sunny.png */ = {isa = PBXFileReference; lastKnownFileType = image.png; path = sunny.png; sourceTree = "<group>"; };
		040890021AEABF5D009FCCD4 /* tstorm1_night.png */ = {isa = PBXFileReference; lastKnownFileType = image.png; path = tstorm1_night.png; sourceTree = "<group>"; };
		040890031AEABF5D009FCCD4 /* tstorm1.png */ = {isa = PBXFileReference; lastKnownFileType = image.png; path = tstorm1.png; sourceTree = "<group>"; };
		040890041AEABF5D009FCCD4 /* tstorm3.png */ = {isa = PBXFileReference; lastKnownFileType = image.png; path = tstorm3.png; sourceTree = "<group>"; };
		040890161AEAC2DB009FCCD4 /* WeatherServiece.h */ = {isa = PBXFileReference; fileEncoding = 4; lastKnownFileType = sourcecode.c.h; path = WeatherServiece.h; sourceTree = "<group>"; };
		040890171AEAC2DB009FCCD4 /* WeatherServiece.m */ = {isa = PBXFileReference; fileEncoding = 4; lastKnownFileType = sourcecode.c.objc; path = WeatherServiece.m; sourceTree = "<group>"; };
		045460651AEAB0A900308E02 /* CoreLocation.framework */ = {isa = PBXFileReference; lastKnownFileType = wrapper.framework; name = CoreLocation.framework; path = System/Library/Frameworks/CoreLocation.framework; sourceTree = SDKROOT; };
		045460671AEAB0E300308E02 /* G2LocationManager.h */ = {isa = PBXFileReference; fileEncoding = 4; lastKnownFileType = sourcecode.c.h; path = G2LocationManager.h; sourceTree = "<group>"; };
		045460681AEAB0E300308E02 /* G2LocationManager.m */ = {isa = PBXFileReference; fileEncoding = 4; lastKnownFileType = sourcecode.c.objc; path = G2LocationManager.m; sourceTree = "<group>"; };
		045E0FDA1AD41C2D00EAD210 /* VWAlarm.app */ = {isa = PBXFileReference; explicitFileType = wrapper.application; includeInIndex = 0; path = VWAlarm.app; sourceTree = BUILT_PRODUCTS_DIR; };
		045E0FDE1AD41C2D00EAD210 /* Info.plist */ = {isa = PBXFileReference; lastKnownFileType = text.plist.xml; path = Info.plist; sourceTree = "<group>"; };
		045E0FDF1AD41C2D00EAD210 /* main.m */ = {isa = PBXFileReference; lastKnownFileType = sourcecode.c.objc; path = main.m; sourceTree = "<group>"; };
		045E0FE11AD41C2D00EAD210 /* AppDelegate.h */ = {isa = PBXFileReference; lastKnownFileType = sourcecode.c.h; path = AppDelegate.h; sourceTree = "<group>"; };
		045E0FE21AD41C2D00EAD210 /* AppDelegate.m */ = {isa = PBXFileReference; lastKnownFileType = sourcecode.c.objc; path = AppDelegate.m; sourceTree = "<group>"; };
		045E0FEB1AD41C2D00EAD210 /* Base */ = {isa = PBXFileReference; lastKnownFileType = file.storyboard; name = Base; path = Base.lproj/Main.storyboard; sourceTree = "<group>"; };
		045E0FED1AD41C2D00EAD210 /* Images.xcassets */ = {isa = PBXFileReference; lastKnownFileType = folder.assetcatalog; path = Images.xcassets; sourceTree = "<group>"; };
		045E0FF01AD41C2D00EAD210 /* Base */ = {isa = PBXFileReference; lastKnownFileType = file.xib; name = Base; path = Base.lproj/LaunchScreen.xib; sourceTree = "<group>"; };
		045E0FF61AD41C2D00EAD210 /* VWAlarmTests.xctest */ = {isa = PBXFileReference; explicitFileType = wrapper.cfbundle; includeInIndex = 0; path = VWAlarmTests.xctest; sourceTree = BUILT_PRODUCTS_DIR; };
		045E0FFB1AD41C2D00EAD210 /* Info.plist */ = {isa = PBXFileReference; lastKnownFileType = text.plist.xml; path = Info.plist; sourceTree = "<group>"; };
		045E0FFC1AD41C2D00EAD210 /* VWAlarmTests.m */ = {isa = PBXFileReference; lastKnownFileType = sourcecode.c.objc; path = VWAlarmTests.m; sourceTree = "<group>"; };
		045EA7821ADEB4BE00FA2455 /* VWAlarm-Prefix.pch */ = {isa = PBXFileReference; lastKnownFileType = sourcecode.c.h; path = "VWAlarm-Prefix.pch"; sourceTree = "<group>"; };
		046DAB4358431710862F5C7B /* Pods.release.xcconfig */ = {isa = PBXFileReference; includeInIndex = 1; lastKnownFileType = text.xcconfig; name = Pods.release.xcconfig; path = "Pods/Target Support Files/Pods/Pods.release.xcconfig"; sourceTree = "<group>"; };
		04745DD01ADEAD9A00C9711B /* G2CacheManager.h */ = {isa = PBXFileReference; fileEncoding = 4; lastKnownFileType = sourcecode.c.h; name = G2CacheManager.h; path = Manager/G2CacheManager.h; sourceTree = "<group>"; };
		04745DD11ADEAD9A00C9711B /* G2CacheManager.m */ = {isa = PBXFileReference; fileEncoding = 4; lastKnownFileType = sourcecode.c.objc; name = G2CacheManager.m; path = Manager/G2CacheManager.m; sourceTree = "<group>"; };
		04745DD21ADEAD9A00C9711B /* G2DataManager.h */ = {isa = PBXFileReference; fileEncoding = 4; lastKnownFileType = sourcecode.c.h; name = G2DataManager.h; path = Manager/G2DataManager.h; sourceTree = "<group>"; };
		04745DD31ADEAD9A00C9711B /* G2DataManager.m */ = {isa = PBXFileReference; fileEncoding = 4; lastKnownFileType = sourcecode.c.objc; name = G2DataManager.m; path = Manager/G2DataManager.m; sourceTree = "<group>"; };
		04745DD41ADEAD9A00C9711B /* G2DateManager.h */ = {isa = PBXFileReference; fileEncoding = 4; lastKnownFileType = sourcecode.c.h; name = G2DateManager.h; path = Manager/G2DateManager.h; sourceTree = "<group>"; };
		04745DD51ADEAD9A00C9711B /* G2DateManager.m */ = {isa = PBXFileReference; fileEncoding = 4; lastKnownFileType = sourcecode.c.objc; name = G2DateManager.m; path = Manager/G2DateManager.m; sourceTree = "<group>"; };
		04745DDC1ADEADAC00C9711B /* TopClockVC.h */ = {isa = PBXFileReference; fileEncoding = 4; lastKnownFileType = sourcecode.c.h; name = TopClockVC.h; path = Classes/TopClockVC.h; sourceTree = "<group>"; };
		04745DDD1ADEADAC00C9711B /* TopClockVC.m */ = {isa = PBXFileReference; fileEncoding = 4; lastKnownFileType = sourcecode.c.objc; name = TopClockVC.m; path = Classes/TopClockVC.m; sourceTree = "<group>"; };
		04745DDE1ADEADAC00C9711B /* TopVC.h */ = {isa = PBXFileReference; fileEncoding = 4; lastKnownFileType = sourcecode.c.h; name = TopVC.h; path = Classes/TopVC.h; sourceTree = "<group>"; };
		04745DDF1ADEADAC00C9711B /* TopVC.m */ = {isa = PBXFileReference; fileEncoding = 4; lastKnownFileType = sourcecode.c.objc; name = TopVC.m; path = Classes/TopVC.m; sourceTree = "<group>"; };
		04745DE01ADEADAC00C9711B /* TopWeatherCell.h */ = {isa = PBXFileReference; fileEncoding = 4; lastKnownFileType = sourcecode.c.h; name = TopWeatherCell.h; path = Classes/TopWeatherCell.h; sourceTree = "<group>"; };
		04745DE11ADEADAC00C9711B /* TopWeatherCell.m */ = {isa = PBXFileReference; fileEncoding = 4; lastKnownFileType = sourcecode.c.objc; name = TopWeatherCell.m; path = Classes/TopWeatherCell.m; sourceTree = "<group>"; };
		04745DE21ADEADAC00C9711B /* TopWeatherVC.h */ = {isa = PBXFileReference; fileEncoding = 4; lastKnownFileType = sourcecode.c.h; name = TopWeatherVC.h; path = Classes/TopWeatherVC.h; sourceTree = "<group>"; };
		04745DE31ADEADAC00C9711B /* TopWeatherVC.m */ = {isa = PBXFileReference; fileEncoding = 4; lastKnownFileType = sourcecode.c.objc; name = TopWeatherVC.m; path = Classes/TopWeatherVC.m; sourceTree = "<group>"; };
		04745DE81ADEADBB00C9711B /* WeatherVC.h */ = {isa = PBXFileReference; fileEncoding = 4; lastKnownFileType = sourcecode.c.h; name = WeatherVC.h; path = Classes/WeatherVC.h; sourceTree = "<group>"; };
		04745DE91ADEADBB00C9711B /* WeatherVC.m */ = {isa = PBXFileReference; fileEncoding = 4; lastKnownFileType = sourcecode.c.objc; name = WeatherVC.m; path = Classes/WeatherVC.m; sourceTree = "<group>"; };
		04745DEB1ADEADC800C9711B /* G2LineView.h */ = {isa = PBXFileReference; fileEncoding = 4; lastKnownFileType = sourcecode.c.h; name = G2LineView.h; path = Common/UI/G2LineView.h; sourceTree = "<group>"; };
		04745DEC1ADEADC800C9711B /* G2LineView.m */ = {isa = PBXFileReference; fileEncoding = 4; lastKnownFileType = sourcecode.c.objc; name = G2LineView.m; path = Common/UI/G2LineView.m; sourceTree = "<group>"; };
		04745DED1ADEADC800C9711B /* G2NoticeView.h */ = {isa = PBXFileReference; fileEncoding = 4; lastKnownFileType = sourcecode.c.h; name = G2NoticeView.h; path = Common/UI/G2NoticeView.h; sourceTree = "<group>"; };
		04745DEE1ADEADC800C9711B /* G2NoticeView.m */ = {isa = PBXFileReference; fileEncoding = 4; lastKnownFileType = sourcecode.c.objc; name = G2NoticeView.m; path = Common/UI/G2NoticeView.m; sourceTree = "<group>"; };
		04745DF11ADEADD200C9711B /* G2Utility.h */ = {isa = PBXFileReference; fileEncoding = 4; lastKnownFileType = sourcecode.c.h; name = G2Utility.h; path = Common/G2Utility.h; sourceTree = "<group>"; };
		04745DF21ADEADE800C9711B /* AlarmDetailOptionVC.h */ = {isa = PBXFileReference; fileEncoding = 4; lastKnownFileType = sourcecode.c.h; name = AlarmDetailOptionVC.h; path = Classes/AlarmDetailOptionVC.h; sourceTree = "<group>"; };
		04745DF31ADEADE800C9711B /* AlarmDetailOptionVC.m */ = {isa = PBXFileReference; fileEncoding = 4; lastKnownFileType = sourcecode.c.objc; name = AlarmDetailOptionVC.m; path = Classes/AlarmDetailOptionVC.m; sourceTree = "<group>"; };
		04745DF41ADEADE800C9711B /* AlarmDetailVC.h */ = {isa = PBXFileReference; fileEncoding = 4; lastKnownFileType = sourcecode.c.h; name = AlarmDetailVC.h; path = Classes/AlarmDetailVC.h; sourceTree = "<group>"; };
		04745DF51ADEADE800C9711B /* AlarmDetailVC.m */ = {isa = PBXFileReference; fileEncoding = 4; lastKnownFileType = sourcecode.c.objc; name = AlarmDetailVC.m; path = Classes/AlarmDetailVC.m; sourceTree = "<group>"; };
		04745DF61ADEADE800C9711B /* AlarmVC.h */ = {isa = PBXFileReference; fileEncoding = 4; lastKnownFileType = sourcecode.c.h; name = AlarmVC.h; path = Classes/AlarmVC.h; sourceTree = "<group>"; };
		04745DF71ADEADE800C9711B /* AlarmVC.m */ = {isa = PBXFileReference; fileEncoding = 4; lastKnownFileType = sourcecode.c.objc; name = AlarmVC.m; path = Classes/AlarmVC.m; sourceTree = "<group>"; };
		04745DFB1ADEADF400C9711B /* SettingVC.h */ = {isa = PBXFileReference; fileEncoding = 4; lastKnownFileType = sourcecode.c.h; name = SettingVC.h; path = Classes/SettingVC.h; sourceTree = "<group>"; };
		04745DFC1ADEADF400C9711B /* SettingVC.m */ = {isa = PBXFileReference; fileEncoding = 4; lastKnownFileType = sourcecode.c.objc; name = SettingVC.m; path = Classes/SettingVC.m; sourceTree = "<group>"; };
		047D9E9E1ADEBA5000BB3407 /* Alarm.h */ = {isa = PBXFileReference; lastKnownFileType = sourcecode.c.h; path = Alarm.h; sourceTree = "<group>"; };
		047D9EA21ADFDFD600BB3407 /* G2NotificationManager.h */ = {isa = PBXFileReference; fileEncoding = 4; lastKnownFileType = sourcecode.c.h; path = G2NotificationManager.h; sourceTree = "<group>"; };
		047D9EA31ADFDFD600BB3407 /* G2NotificationManager.m */ = {isa = PBXFileReference; fileEncoding = 4; lastKnownFileType = sourcecode.c.objc; path = G2NotificationManager.m; sourceTree = "<group>"; };
		047D9EA61AE00D9800BB3407 /* NSDate+Extras.h */ = {isa = PBXFileReference; fileEncoding = 4; lastKnownFileType = sourcecode.c.h; path = "NSDate+Extras.h"; sourceTree = "<group>"; };
		047D9EA71AE00D9800BB3407 /* NSDate+Extras.m */ = {isa = PBXFileReference; fileEncoding = 4; lastKnownFileType = sourcecode.c.objc; path = "NSDate+Extras.m"; sourceTree = "<group>"; };
		049349121AE7D9B6007EF6C7 /* G2SoundManager.h */ = {isa = PBXFileReference; fileEncoding = 4; lastKnownFileType = sourcecode.c.h; path = G2SoundManager.h; sourceTree = "<group>"; };
		049349131AE7D9B6007EF6C7 /* G2SoundManager.m */ = {isa = PBXFileReference; fileEncoding = 4; lastKnownFileType = sourcecode.c.objc; path = G2SoundManager.m; sourceTree = "<group>"; };
		049349161AE7F0AD007EF6C7 /* WeatherCell.h */ = {isa = PBXFileReference; fileEncoding = 4; lastKnownFileType = sourcecode.c.h; path = WeatherCell.h; sourceTree = "<group>"; };
		049349171AE7F0AD007EF6C7 /* WeatherCell.m */ = {isa = PBXFileReference; fileEncoding = 4; lastKnownFileType = sourcecode.c.objc; path = WeatherCell.m; sourceTree = "<group>"; };
		049349191AE7F2AB007EF6C7 /* WeatherDetailVC.h */ = {isa = PBXFileReference; fileEncoding = 4; lastKnownFileType = sourcecode.c.h; path = WeatherDetailVC.h; sourceTree = "<group>"; };
		0493491A1AE7F2AB007EF6C7 /* WeatherDetailVC.m */ = {isa = PBXFileReference; fileEncoding = 4; lastKnownFileType = sourcecode.c.objc; path = WeatherDetailVC.m; sourceTree = "<group>"; };
		0493491F1AE7F331007EF6C7 /* Weather.h */ = {isa = PBXFileReference; lastKnownFileType = sourcecode.c.h; path = Weather.h; sourceTree = "<group>"; };
		E02331D468846E6CE39B5644 /* Pods.debug.xcconfig */ = {isa = PBXFileReference; includeInIndex = 1; lastKnownFileType = text.xcconfig; name = Pods.debug.xcconfig; path = "Pods/Target Support Files/Pods/Pods.debug.xcconfig"; sourceTree = "<group>"; };
		E8E30D5092D3CCA77046DF1D /* libPods.a */ = {isa = PBXFileReference; explicitFileType = archive.ar; includeInIndex = 0; path = libPods.a; sourceTree = BUILT_PRODUCTS_DIR; };
/* End PBXFileReference section */

/* Begin PBXFrameworksBuildPhase section */
		045E0FD71AD41C2D00EAD210 /* Frameworks */ = {
			isa = PBXFrameworksBuildPhase;
			buildActionMask = 2147483647;
			files = (
				045460661AEAB0A900308E02 /* CoreLocation.framework in Frameworks */,
				C887E2AD987DD7DC97C96474 /* libPods.a in Frameworks */,
			);
			runOnlyForDeploymentPostprocessing = 0;
		};
		045E0FF31AD41C2D00EAD210 /* Frameworks */ = {
			isa = PBXFrameworksBuildPhase;
			buildActionMask = 2147483647;
			files = (
			);
			runOnlyForDeploymentPostprocessing = 0;
		};
/* End PBXFrameworksBuildPhase section */

/* Begin PBXGroup section */
		0402C2401AE1E9DD00CB2416 /* Cells */ = {
			isa = PBXGroup;
			children = (
				0402C23D1AE122A500CB2416 /* AlarmCell.h */,
				0402C23E1AE122A500CB2416 /* AlarmCell.m */,
			);
			name = Cells;
			sourceTree = "<group>";
		};
		04088FF41AEABF51009FCCD4 /* Weather */ = {
			isa = PBXGroup;
			children = (
				04088FF51AEABF5D009FCCD4 /* Cloud-Refresh.png */,
				04088FF61AEABF5D009FCCD4 /* cloudy2_night.png */,
				04088FF71AEABF5D009FCCD4 /* cloudy2.png */,
				04088FF81AEABF5D009FCCD4 /* dunno.png */,
				04088FF91AEABF5D009FCCD4 /* fog_night.png */,
				04088FFA1AEABF5D009FCCD4 /* fog.png */,
				04088FFB1AEABF5D009FCCD4 /* light_rain.png */,
				04088FFC1AEABF5D009FCCD4 /* overcast.png */,
				04088FFD1AEABF5D009FCCD4 /* shower3.png */,
				04088FFE1AEABF5D009FCCD4 /* snow4.png */,
				04088FFF1AEABF5D009FCCD4 /* snow5.png */,
				040890001AEABF5D009FCCD4 /* sunny_night.png */,
				040890011AEABF5D009FCCD4 /* sunny.png */,
				040890021AEABF5D009FCCD4 /* tstorm1_night.png */,
				040890031AEABF5D009FCCD4 /* tstorm1.png */,
				040890041AEABF5D009FCCD4 /* tstorm3.png */,
			);
			name = Weather;
			sourceTree = "<group>";
		};
		040890151AEAC2AD009FCCD4 /* WeatherService */ = {
			isa = PBXGroup;
			children = (
				040890161AEAC2DB009FCCD4 /* WeatherServiece.h */,
				040890171AEAC2DB009FCCD4 /* WeatherServiece.m */,
			);
			name = WeatherService;
			sourceTree = "<group>";
		};
		042CA0EE1ADE9A0F00F8F183 /* Manager */ = {
			isa = PBXGroup;
			children = (
				04745DD01ADEAD9A00C9711B /* G2CacheManager.h */,
				04745DD11ADEAD9A00C9711B /* G2CacheManager.m */,
				04745DD21ADEAD9A00C9711B /* G2DataManager.h */,
				04745DD31ADEAD9A00C9711B /* G2DataManager.m */,
				04745DD41ADEAD9A00C9711B /* G2DateManager.h */,
				04745DD51ADEAD9A00C9711B /* G2DateManager.m */,
				047D9EA21ADFDFD600BB3407 /* G2NotificationManager.h */,
				047D9EA31ADFDFD600BB3407 /* G2NotificationManager.m */,
				049349121AE7D9B6007EF6C7 /* G2SoundManager.h */,
				049349131AE7D9B6007EF6C7 /* G2SoundManager.m */,
				045460671AEAB0E300308E02 /* G2LocationManager.h */,
				045460681AEAB0E300308E02 /* G2LocationManager.m */,
			);
			name = Manager;
			sourceTree = "<group>";
		};
		042CA0F21ADE9B6600F8F183 /* Common */ = {
			isa = PBXGroup;
			children = (
				04745DF11ADEADD200C9711B /* G2Utility.h */,
				04745DCF1ADEACEF00C9711B /* UI */,
				047D9EA51AE00D3600BB3407 /* Category */,
				042CA0EE1ADE9A0F00F8F183 /* Manager */,
			);
			name = Common;
			sourceTree = "<group>";
		};
		0454606D1AEAB82500308E02 /* images */ = {
			isa = PBXGroup;
			children = (
				04088FF41AEABF51009FCCD4 /* Weather */,
				0454606E1AEAB83000308E02 /* Top */,
			);
			name = images;
			sourceTree = "<group>";
		};
		0454606E1AEAB83000308E02 /* Top */ = {
			isa = PBXGroup;
			children = (
				04088FEE1AEABDA8009FCCD4 /* img_top.png */,
				04088FEF1AEABDA8009FCCD4 /* img_top@2x.png */,
				04088FF01AEABDA8009FCCD4 /* img_top@3x.png */,
			);
			name = Top;
			sourceTree = "<group>";
		};
		045E0FD11AD41C2D00EAD210 = {
			isa = PBXGroup;
			children = (
				045E0FDC1AD41C2D00EAD210 /* VWAlarm */,
				045E0FF91AD41C2D00EAD210 /* VWAlarmTests */,
				045E0FDB1AD41C2D00EAD210 /* Products */,
				91BBB17AF28BE6D3CC989F2E /* Pods */,
				9C19CE8FCEE99F6AA6E301F1 /* Frameworks */,
			);
			sourceTree = "<group>";
		};
		045E0FDB1AD41C2D00EAD210 /* Products */ = {
			isa = PBXGroup;
			children = (
				045E0FDA1AD41C2D00EAD210 /* VWAlarm.app */,
				045E0FF61AD41C2D00EAD210 /* VWAlarmTests.xctest */,
			);
			name = Products;
			sourceTree = "<group>";
		};
		045E0FDC1AD41C2D00EAD210 /* VWAlarm */ = {
			isa = PBXGroup;
			children = (
				045E0FEA1AD41C2D00EAD210 /* Main.storyboard */,
				045E0FE11AD41C2D00EAD210 /* AppDelegate.h */,
				045E0FE21AD41C2D00EAD210 /* AppDelegate.m */,
				040890151AEAC2AD009FCCD4 /* WeatherService */,
				042CA0F21ADE9B6600F8F183 /* Common */,
				048CD89E1ADC176600C91CFE /* Top */,
				048CD8A21ADC258900C91CFE /* Alarm */,
				048CD8A41ADC260F00C91CFE /* Setting */,
				045E0FED1AD41C2D00EAD210 /* Images.xcassets */,
				045E0FEF1AD41C2D00EAD210 /* LaunchScreen.xib */,
				045E0FDD1AD41C2D00EAD210 /* Supporting Files */,
			);
			path = VWAlarm;
			sourceTree = "<group>";
		};
		045E0FDD1AD41C2D00EAD210 /* Supporting Files */ = {
			isa = PBXGroup;
			children = (
				0454606D1AEAB82500308E02 /* images */,
				045E0FDE1AD41C2D00EAD210 /* Info.plist */,
				045E0FDF1AD41C2D00EAD210 /* main.m */,
				045EA7821ADEB4BE00FA2455 /* VWAlarm-Prefix.pch */,
			);
			name = "Supporting Files";
			sourceTree = "<group>";
		};
		045E0FF91AD41C2D00EAD210 /* VWAlarmTests */ = {
			isa = PBXGroup;
			children = (
				045E0FFC1AD41C2D00EAD210 /* VWAlarmTests.m */,
				045E0FFA1AD41C2D00EAD210 /* Supporting Files */,
			);
			path = VWAlarmTests;
			sourceTree = "<group>";
		};
		045E0FFA1AD41C2D00EAD210 /* Supporting Files */ = {
			isa = PBXGroup;
			children = (
				045E0FFB1AD41C2D00EAD210 /* Info.plist */,
			);
			name = "Supporting Files";
			sourceTree = "<group>";
		};
		04745DCF1ADEACEF00C9711B /* UI */ = {
			isa = PBXGroup;
			children = (
				04745DEB1ADEADC800C9711B /* G2LineView.h */,
				04745DEC1ADEADC800C9711B /* G2LineView.m */,
				04745DED1ADEADC800C9711B /* G2NoticeView.h */,
				04745DEE1ADEADC800C9711B /* G2NoticeView.m */,
			);
			name = UI;
			sourceTree = "<group>";
		};
		047D9EA51AE00D3600BB3407 /* Category */ = {
			isa = PBXGroup;
			children = (
				047D9EA61AE00D9800BB3407 /* NSDate+Extras.h */,
				047D9EA71AE00D9800BB3407 /* NSDate+Extras.m */,
			);
			name = Category;
			sourceTree = "<group>";
		};
		048CD89E1ADC176600C91CFE /* Top */ = {
			isa = PBXGroup;
			children = (
				04745DDC1ADEADAC00C9711B /* TopClockVC.h */,
				04745DDD1ADEADAC00C9711B /* TopClockVC.m */,
				04745DDE1ADEADAC00C9711B /* TopVC.h */,
				04745DDF1ADEADAC00C9711B /* TopVC.m */,
				04745DE01ADEADAC00C9711B /* TopWeatherCell.h */,
				04745DE11ADEADAC00C9711B /* TopWeatherCell.m */,
				04745DE21ADEADAC00C9711B /* TopWeatherVC.h */,
				04745DE31ADEADAC00C9711B /* TopWeatherVC.m */,
			);
			name = Top;
			sourceTree = "<group>";
		};
		048CD8A21ADC258900C91CFE /* Alarm */ = {
			isa = PBXGroup;
			children = (
				047D9E9E1ADEBA5000BB3407 /* Alarm.h */,
				04745DF61ADEADE800C9711B /* AlarmVC.h */,
				04745DF71ADEADE800C9711B /* AlarmVC.m */,
				04745DF41ADEADE800C9711B /* AlarmDetailVC.h */,
				04745DF51ADEADE800C9711B /* AlarmDetailVC.m */,
				04745DF21ADEADE800C9711B /* AlarmDetailOptionVC.h */,
				04745DF31ADEADE800C9711B /* AlarmDetailOptionVC.m */,
				0402C2401AE1E9DD00CB2416 /* Cells */,
			);
			name = Alarm;
			sourceTree = "<group>";
		};
		048CD8A31ADC260300C91CFE /* Weather */ = {
			isa = PBXGroup;
			children = (
				0493491F1AE7F331007EF6C7 /* Weather.h */,
				04745DE81ADEADBB00C9711B /* WeatherVC.h */,
				04745DE91ADEADBB00C9711B /* WeatherVC.m */,
				049349191AE7F2AB007EF6C7 /* WeatherDetailVC.h */,
				0493491A1AE7F2AB007EF6C7 /* WeatherDetailVC.m */,
				049349151AE7F087007EF6C7 /* Cells */,
			);
			name = Weather;
			sourceTree = "<group>";
		};
		048CD8A41ADC260F00C91CFE /* Setting */ = {
			isa = PBXGroup;
			children = (
				048CD8A31ADC260300C91CFE /* Weather */,
				04745DFB1ADEADF400C9711B /* SettingVC.h */,
				04745DFC1ADEADF400C9711B /* SettingVC.m */,
			);
			name = Setting;
			sourceTree = "<group>";
		};
		049349151AE7F087007EF6C7 /* Cells */ = {
			isa = PBXGroup;
			children = (
				049349161AE7F0AD007EF6C7 /* WeatherCell.h */,
				049349171AE7F0AD007EF6C7 /* WeatherCell.m */,
			);
			name = Cells;
			sourceTree = "<group>";
		};
		91BBB17AF28BE6D3CC989F2E /* Pods */ = {
			isa = PBXGroup;
			children = (
				E02331D468846E6CE39B5644 /* Pods.debug.xcconfig */,
				046DAB4358431710862F5C7B /* Pods.release.xcconfig */,
			);
			name = Pods;
			sourceTree = "<group>";
		};
		9C19CE8FCEE99F6AA6E301F1 /* Frameworks */ = {
			isa = PBXGroup;
			children = (
				045460651AEAB0A900308E02 /* CoreLocation.framework */,
				E8E30D5092D3CCA77046DF1D /* libPods.a */,
			);
			name = Frameworks;
			sourceTree = "<group>";
		};
/* End PBXGroup section */

/* Begin PBXNativeTarget section */
		045E0FD91AD41C2D00EAD210 /* VWAlarm */ = {
			isa = PBXNativeTarget;
			buildConfigurationList = 045E10001AD41C2D00EAD210 /* Build configuration list for PBXNativeTarget "VWAlarm" */;
			buildPhases = (
				18F4043E88BC6C5337D31371 /* Check Pods Manifest.lock */,
				045E0FD61AD41C2D00EAD210 /* Sources */,
				045E0FD71AD41C2D00EAD210 /* Frameworks */,
				045E0FD81AD41C2D00EAD210 /* Resources */,
				0D0C337103B705A778B3C353 /* Copy Pods Resources */,
			);
			buildRules = (
			);
			dependencies = (
			);
			name = VWAlarm;
			productName = VWAlarm;
			productReference = 045E0FDA1AD41C2D00EAD210 /* VWAlarm.app */;
			productType = "com.apple.product-type.application";
		};
		045E0FF51AD41C2D00EAD210 /* VWAlarmTests */ = {
			isa = PBXNativeTarget;
			buildConfigurationList = 045E10031AD41C2D00EAD210 /* Build configuration list for PBXNativeTarget "VWAlarmTests" */;
			buildPhases = (
				045E0FF21AD41C2D00EAD210 /* Sources */,
				045E0FF31AD41C2D00EAD210 /* Frameworks */,
				045E0FF41AD41C2D00EAD210 /* Resources */,
			);
			buildRules = (
			);
			dependencies = (
				045E0FF81AD41C2D00EAD210 /* PBXTargetDependency */,
			);
			name = VWAlarmTests;
			productName = VWAlarmTests;
			productReference = 045E0FF61AD41C2D00EAD210 /* VWAlarmTests.xctest */;
			productType = "com.apple.product-type.bundle.unit-test";
		};
/* End PBXNativeTarget section */

/* Begin PBXProject section */
		045E0FD21AD41C2D00EAD210 /* Project object */ = {
			isa = PBXProject;
			attributes = {
				CLASSPREFIX = "";
				LastUpgradeCheck = 0620;
				ORGANIZATIONNAME = vwa;
				TargetAttributes = {
					045E0FD91AD41C2D00EAD210 = {
						CreatedOnToolsVersion = 6.2;
						DevelopmentTeam = 6258KL76L2;
					};
					045E0FF51AD41C2D00EAD210 = {
						CreatedOnToolsVersion = 6.2;
						TestTargetID = 045E0FD91AD41C2D00EAD210;
					};
				};
			};
			buildConfigurationList = 045E0FD51AD41C2D00EAD210 /* Build configuration list for PBXProject "VWAlarm" */;
			compatibilityVersion = "Xcode 3.2";
			developmentRegion = English;
			hasScannedForEncodings = 0;
			knownRegions = (
				en,
				Base,
			);
			mainGroup = 045E0FD11AD41C2D00EAD210;
			productRefGroup = 045E0FDB1AD41C2D00EAD210 /* Products */;
			projectDirPath = "";
			projectRoot = "";
			targets = (
				045E0FD91AD41C2D00EAD210 /* VWAlarm */,
				045E0FF51AD41C2D00EAD210 /* VWAlarmTests */,
			);
		};
/* End PBXProject section */

/* Begin PBXResourcesBuildPhase section */
		045E0FD81AD41C2D00EAD210 /* Resources */ = {
			isa = PBXResourcesBuildPhase;
			buildActionMask = 2147483647;
			files = (
				040890081AEABF5D009FCCD4 /* dunno.png in Resources */,
				045E0FEC1AD41C2D00EAD210 /* Main.storyboard in Resources */,
				0408900D1AEABF5D009FCCD4 /* shower3.png in Resources */,
				04088FF31AEABDA8009FCCD4 /* img_top@3x.png in Resources */,
				04088FF11AEABDA8009FCCD4 /* img_top.png in Resources */,
				045E0FF11AD41C2D00EAD210 /* LaunchScreen.xib in Resources */,
				040890111AEABF5D009FCCD4 /* sunny.png in Resources */,
				040890121AEABF5D009FCCD4 /* tstorm1_night.png in Resources */,
				040890141AEABF5D009FCCD4 /* tstorm3.png in Resources */,
				04088FF21AEABDA8009FCCD4 /* img_top@2x.png in Resources */,
				040890131AEABF5D009FCCD4 /* tstorm1.png in Resources */,
				0408900E1AEABF5D009FCCD4 /* snow4.png in Resources */,
				0408900C1AEABF5D009FCCD4 /* overcast.png in Resources */,
				0408900A1AEABF5D009FCCD4 /* fog.png in Resources */,
				045E0FEE1AD41C2D00EAD210 /* Images.xcassets in Resources */,
				040890051AEABF5D009FCCD4 /* Cloud-Refresh.png in Resources */,
				040890061AEABF5D009FCCD4 /* cloudy2_night.png in Resources */,
				0408900B1AEABF5D009FCCD4 /* light_rain.png in Resources */,
				040890101AEABF5D009FCCD4 /* sunny_night.png in Resources */,
				0408900F1AEABF5D009FCCD4 /* snow5.png in Resources */,
				040890071AEABF5D009FCCD4 /* cloudy2.png in Resources */,
				040890091AEABF5D009FCCD4 /* fog_night.png in Resources */,
			);
			runOnlyForDeploymentPostprocessing = 0;
		};
		045E0FF41AD41C2D00EAD210 /* Resources */ = {
			isa = PBXResourcesBuildPhase;
			buildActionMask = 2147483647;
			files = (
			);
			runOnlyForDeploymentPostprocessing = 0;
		};
/* End PBXResourcesBuildPhase section */

/* Begin PBXShellScriptBuildPhase section */
		0D0C337103B705A778B3C353 /* Copy Pods Resources */ = {
			isa = PBXShellScriptBuildPhase;
			buildActionMask = 2147483647;
			files = (
			);
			inputPaths = (
			);
			name = "Copy Pods Resources";
			outputPaths = (
			);
			runOnlyForDeploymentPostprocessing = 0;
			shellPath = /bin/sh;
			shellScript = "\"${SRCROOT}/Pods/Target Support Files/Pods/Pods-resources.sh\"\n";
			showEnvVarsInLog = 0;
		};
		18F4043E88BC6C5337D31371 /* Check Pods Manifest.lock */ = {
			isa = PBXShellScriptBuildPhase;
			buildActionMask = 2147483647;
			files = (
			);
			inputPaths = (
			);
			name = "Check Pods Manifest.lock";
			outputPaths = (
			);
			runOnlyForDeploymentPostprocessing = 0;
			shellPath = /bin/sh;
			shellScript = "diff \"${PODS_ROOT}/../Podfile.lock\" \"${PODS_ROOT}/Manifest.lock\" > /dev/null\nif [[ $? != 0 ]] ; then\n    cat << EOM\nerror: The sandbox is not in sync with the Podfile.lock. Run 'pod install' or update your CocoaPods installation.\nEOM\n    exit 1\nfi\n";
			showEnvVarsInLog = 0;
		};
/* End PBXShellScriptBuildPhase section */

/* Begin PBXSourcesBuildPhase section */
		045E0FD61AD41C2D00EAD210 /* Sources */ = {
			isa = PBXSourcesBuildPhase;
			buildActionMask = 2147483647;
			files = (
				04745DE61ADEADAC00C9711B /* TopWeatherCell.m in Sources */,
				04745DE71ADEADAC00C9711B /* TopWeatherVC.m in Sources */,
				040890181AEAC2DB009FCCD4 /* WeatherServiece.m in Sources */,
				04745DF91ADEADE800C9711B /* AlarmDetailVC.m in Sources */,
				04745DD91ADEAD9A00C9711B /* G2DataManager.m in Sources */,
				045E0FE31AD41C2D00EAD210 /* AppDelegate.m in Sources */,
				04745DD81ADEAD9A00C9711B /* G2CacheManager.m in Sources */,
				04745DE41ADEADAC00C9711B /* TopClockVC.m in Sources */,
				04745DEF1ADEADC800C9711B /* G2LineView.m in Sources */,
				049349141AE7D9B6007EF6C7 /* G2SoundManager.m in Sources */,
				04745DFA1ADEADE800C9711B /* AlarmVC.m in Sources */,
				045E0FE01AD41C2D00EAD210 /* main.m in Sources */,
				04745DE51ADEADAC00C9711B /* TopVC.m in Sources */,
				0493491B1AE7F2AB007EF6C7 /* WeatherDetailVC.m in Sources */,
				047D9EA41ADFDFD600BB3407 /* G2NotificationManager.m in Sources */,
				04745DF81ADEADE800C9711B /* AlarmDetailOptionVC.m in Sources */,
				045460691AEAB0E300308E02 /* G2LocationManager.m in Sources */,
				04745DDA1ADEAD9A00C9711B /* G2DateManager.m in Sources */,
				04745DF01ADEADC800C9711B /* G2NoticeView.m in Sources */,
				04745DFD1ADEADF400C9711B /* SettingVC.m in Sources */,
				047D9EA81AE00D9800BB3407 /* NSDate+Extras.m in Sources */,
				04745DEA1ADEADBB00C9711B /* WeatherVC.m in Sources */,
				049349181AE7F0AD007EF6C7 /* WeatherCell.m in Sources */,
				0402C23F1AE122A500CB2416 /* AlarmCell.m in Sources */,
			);
			runOnlyForDeploymentPostprocessing = 0;
		};
		045E0FF21AD41C2D00EAD210 /* Sources */ = {
			isa = PBXSourcesBuildPhase;
			buildActionMask = 2147483647;
			files = (
				045E0FFD1AD41C2D00EAD210 /* VWAlarmTests.m in Sources */,
			);
			runOnlyForDeploymentPostprocessing = 0;
		};
/* End PBXSourcesBuildPhase section */

/* Begin PBXTargetDependency section */
		045E0FF81AD41C2D00EAD210 /* PBXTargetDependency */ = {
			isa = PBXTargetDependency;
			target = 045E0FD91AD41C2D00EAD210 /* VWAlarm */;
			targetProxy = 045E0FF71AD41C2D00EAD210 /* PBXContainerItemProxy */;
		};
/* End PBXTargetDependency section */

/* Begin PBXVariantGroup section */
		045E0FEA1AD41C2D00EAD210 /* Main.storyboard */ = {
			isa = PBXVariantGroup;
			children = (
				045E0FEB1AD41C2D00EAD210 /* Base */,
			);
			name = Main.storyboard;
			sourceTree = "<group>";
		};
		045E0FEF1AD41C2D00EAD210 /* LaunchScreen.xib */ = {
			isa = PBXVariantGroup;
			children = (
				045E0FF01AD41C2D00EAD210 /* Base */,
			);
			name = LaunchScreen.xib;
			sourceTree = "<group>";
		};
/* End PBXVariantGroup section */

/* Begin XCBuildConfiguration section */
		045E0FFE1AD41C2D00EAD210 /* Debug */ = {
			isa = XCBuildConfiguration;
			buildSettings = {
				ALWAYS_SEARCH_USER_PATHS = NO;
				CLANG_CXX_LANGUAGE_STANDARD = "gnu++0x";
				CLANG_CXX_LIBRARY = "libc++";
				CLANG_ENABLE_MODULES = YES;
				CLANG_ENABLE_OBJC_ARC = YES;
				CLANG_WARN_BOOL_CONVERSION = YES;
				CLANG_WARN_CONSTANT_CONVERSION = YES;
				CLANG_WARN_DIRECT_OBJC_ISA_USAGE = YES_ERROR;
				CLANG_WARN_EMPTY_BODY = YES;
				CLANG_WARN_ENUM_CONVERSION = YES;
				CLANG_WARN_INT_CONVERSION = YES;
				CLANG_WARN_OBJC_ROOT_CLASS = YES_ERROR;
				CLANG_WARN_UNREACHABLE_CODE = YES;
				CLANG_WARN__DUPLICATE_METHOD_MATCH = YES;
				"CODE_SIGN_IDENTITY[sdk=iphoneos*]" = "iPhone Developer";
				COPY_PHASE_STRIP = NO;
				ENABLE_STRICT_OBJC_MSGSEND = YES;
				GCC_C_LANGUAGE_STANDARD = gnu99;
				GCC_DYNAMIC_NO_PIC = NO;
				GCC_OPTIMIZATION_LEVEL = 0;
				GCC_PREPROCESSOR_DEFINITIONS = (
					"DEBUG=1",
					"$(inherited)",
				);
				GCC_SYMBOLS_PRIVATE_EXTERN = NO;
				GCC_WARN_64_TO_32_BIT_CONVERSION = YES;
				GCC_WARN_ABOUT_RETURN_TYPE = YES_ERROR;
				GCC_WARN_UNDECLARED_SELECTOR = YES;
				GCC_WARN_UNINITIALIZED_AUTOS = YES_AGGRESSIVE;
				GCC_WARN_UNUSED_FUNCTION = YES;
				GCC_WARN_UNUSED_VARIABLE = YES;
				IPHONEOS_DEPLOYMENT_TARGET = 8.2;
				MTL_ENABLE_DEBUG_INFO = YES;
				ONLY_ACTIVE_ARCH = YES;
				SDKROOT = iphoneos;
			};
			name = Debug;
		};
		045E0FFF1AD41C2D00EAD210 /* Release */ = {
			isa = XCBuildConfiguration;
			buildSettings = {
				ALWAYS_SEARCH_USER_PATHS = NO;
				CLANG_CXX_LANGUAGE_STANDARD = "gnu++0x";
				CLANG_CXX_LIBRARY = "libc++";
				CLANG_ENABLE_MODULES = YES;
				CLANG_ENABLE_OBJC_ARC = YES;
				CLANG_WARN_BOOL_CONVERSION = YES;
				CLANG_WARN_CONSTANT_CONVERSION = YES;
				CLANG_WARN_DIRECT_OBJC_ISA_USAGE = YES_ERROR;
				CLANG_WARN_EMPTY_BODY = YES;
				CLANG_WARN_ENUM_CONVERSION = YES;
				CLANG_WARN_INT_CONVERSION = YES;
				CLANG_WARN_OBJC_ROOT_CLASS = YES_ERROR;
				CLANG_WARN_UNREACHABLE_CODE = YES;
				CLANG_WARN__DUPLICATE_METHOD_MATCH = YES;
				"CODE_SIGN_IDENTITY[sdk=iphoneos*]" = "iPhone Developer";
				COPY_PHASE_STRIP = NO;
				ENABLE_NS_ASSERTIONS = NO;
				ENABLE_STRICT_OBJC_MSGSEND = YES;
				GCC_C_LANGUAGE_STANDARD = gnu99;
				GCC_WARN_64_TO_32_BIT_CONVERSION = YES;
				GCC_WARN_ABOUT_RETURN_TYPE = YES_ERROR;
				GCC_WARN_UNDECLARED_SELECTOR = YES;
				GCC_WARN_UNINITIALIZED_AUTOS = YES_AGGRESSIVE;
				GCC_WARN_UNUSED_FUNCTION = YES;
				GCC_WARN_UNUSED_VARIABLE = YES;
				IPHONEOS_DEPLOYMENT_TARGET = 8.2;
				MTL_ENABLE_DEBUG_INFO = NO;
				SDKROOT = iphoneos;
				VALIDATE_PRODUCT = YES;
			};
			name = Release;
		};
		045E10011AD41C2D00EAD210 /* Debug */ = {
			isa = XCBuildConfiguration;
			baseConfigurationReference = E02331D468846E6CE39B5644 /* Pods.debug.xcconfig */;
			buildSettings = {
				ASSETCATALOG_COMPILER_APPICON_NAME = AppIcon;
				CODE_SIGN_IDENTITY = "iPhone Developer";
				"CODE_SIGN_IDENTITY[sdk=iphoneos*]" = "iPhone Developer";
				GCC_PRECOMPILE_PREFIX_HEADER = YES;
				GCC_PREFIX_HEADER = "VWAlarm/VWAlarm-Prefix.pch";
				INFOPLIST_FILE = VWAlarm/Info.plist;
				LD_RUNPATH_SEARCH_PATHS = "$(inherited) @executable_path/Frameworks";
				PRODUCT_NAME = "$(TARGET_NAME)";
				PROVISIONING_PROFILE = "";
			};
			name = Debug;
		};
		045E10021AD41C2D00EAD210 /* Release */ = {
			isa = XCBuildConfiguration;
			baseConfigurationReference = 046DAB4358431710862F5C7B /* Pods.release.xcconfig */;
			buildSettings = {
				ASSETCATALOG_COMPILER_APPICON_NAME = AppIcon;
				CODE_SIGN_IDENTITY = "iPhone Developer";
				"CODE_SIGN_IDENTITY[sdk=iphoneos*]" = "iPhone Developer";
				GCC_PRECOMPILE_PREFIX_HEADER = YES;
				GCC_PREFIX_HEADER = "VWAlarm/VWAlarm-Prefix.pch";
				INFOPLIST_FILE = VWAlarm/Info.plist;
				LD_RUNPATH_SEARCH_PATHS = "$(inherited) @executable_path/Frameworks";
				PRODUCT_NAME = "$(TARGET_NAME)";
				PROVISIONING_PROFILE = "";
			};
			name = Release;
		};
		045E10041AD41C2D00EAD210 /* Debug */ = {
			isa = XCBuildConfiguration;
			buildSettings = {
				BUNDLE_LOADER = "$(TEST_HOST)";
				FRAMEWORK_SEARCH_PATHS = (
					"$(SDKROOT)/Developer/Library/Frameworks",
					"$(inherited)",
				);
				GCC_PREPROCESSOR_DEFINITIONS = (
					"DEBUG=1",
					"$(inherited)",
				);
				INFOPLIST_FILE = VWAlarmTests/Info.plist;
				LD_RUNPATH_SEARCH_PATHS = "$(inherited) @executable_path/Frameworks @loader_path/Frameworks";
				PRODUCT_NAME = "$(TARGET_NAME)";
				TEST_HOST = "$(BUILT_PRODUCTS_DIR)/VWAlarm.app/VWAlarm";
			};
			name = Debug;
		};
		045E10051AD41C2D00EAD210 /* Release */ = {
			isa = XCBuildConfiguration;
			buildSettings = {
				BUNDLE_LOADER = "$(TEST_HOST)";
				FRAMEWORK_SEARCH_PATHS = (
					"$(SDKROOT)/Developer/Library/Frameworks",
					"$(inherited)",
				);
				INFOPLIST_FILE = VWAlarmTests/Info.plist;
				LD_RUNPATH_SEARCH_PATHS = "$(inherited) @executable_path/Frameworks @loader_path/Frameworks";
				PRODUCT_NAME = "$(TARGET_NAME)";
				TEST_HOST = "$(BUILT_PRODUCTS_DIR)/VWAlarm.app/VWAlarm";
			};
			name = Release;
		};
/* End XCBuildConfiguration section */

/* Begin XCConfigurationList section */
		045E0FD51AD41C2D00EAD210 /* Build configuration list for PBXProject "VWAlarm" */ = {
			isa = XCConfigurationList;
			buildConfigurations = (
				045E0FFE1AD41C2D00EAD210 /* Debug */,
				045E0FFF1AD41C2D00EAD210 /* Release */,
			);
			defaultConfigurationIsVisible = 0;
			defaultConfigurationName = Release;
		};
		045E10001AD41C2D00EAD210 /* Build configuration list for PBXNativeTarget "VWAlarm" */ = {
			isa = XCConfigurationList;
			buildConfigurations = (
				045E10011AD41C2D00EAD210 /* Debug */,
				045E10021AD41C2D00EAD210 /* Release */,
			);
			defaultConfigurationIsVisible = 0;
			defaultConfigurationName = Release;
		};
		045E10031AD41C2D00EAD210 /* Build configuration list for PBXNativeTarget "VWAlarmTests" */ = {
			isa = XCConfigurationList;
			buildConfigurations = (
				045E10041AD41C2D00EAD210 /* Debug */,
				045E10051AD41C2D00EAD210 /* Release */,
			);
			defaultConfigurationIsVisible = 0;
			defaultConfigurationName = Release;
		};
/* End XCConfigurationList section */
	};
	rootObject = 045E0FD21AD41C2D00EAD210 /* Project object */;
}
